
Microsoft Visual Studio Solution File, Format Version 12.00
# Visual Studio 15
VisualStudioVersion = 15.0.26730.15
MinimumVisualStudioVersion = 10.0.40219.1
Project("{FAE04EC0-301F-11D3-BF4B-00C04F79EFBC}") = "week 6 quiz", "week 6 quiz\week 6 quiz.csproj", "{57080C85-2576-46A9-8B7D-007CA08E0845}"
EndProject
Global
	GlobalSection(SolutionConfigurationPlatforms) = preSolution
		Debug|Any CPU = Debug|Any CPU
		Release|Any CPU = Release|Any CPU
	EndGlobalSection
	GlobalSection(ProjectConfigurationPlatforms) = postSolution
		{57080C85-2576-46A9-8B7D-007CA08E0845}.Debug|Any CPU.ActiveCfg = Debug|Any CPU
		{57080C85-2576-46A9-8B7D-007CA08E0845}.Debug|Any CPU.Build.0 = Debug|Any CPU
		{57080C85-2576-46A9-8B7D-007CA08E0845}.Release|Any CPU.ActiveCfg = Release|Any CPU
		{57080C85-2576-46A9-8B7D-007CA08E0845}.Release|Any CPU.Build.0 = Release|Any CPU
	EndGlobalSection
	GlobalSection(SolutionProperties) = preSolution
		HideSolutionNode = FALSE
	EndGlobalSection
	GlobalSection(ExtensibilityGlobals) = postSolution
		SolutionGuid = {C91189CD-1082-4C09-BAFD-0657DE0B84C4}
	EndGlobalSection
EndGlobal
